
Microsoft Visual Studio Solution File, Format Version 12.00
# Visual Studio Version 16
VisualStudioVersion = 16.0.29519.87
MinimumVisualStudioVersion = 10.0.40219.1
Project("{FAE04EC0-301F-11D3-BF4B-00C04F79EFBC}") = "TablaConReporte", "TablaConReporte.csproj", "{BAA9DA13-7A5C-4D9F-8CA6-D49F1C05F54A}"
EndProject
Global
	GlobalSection(SolutionConfigurationPlatforms) = preSolution
		Debug|Any CPU = Debug|Any CPU
		Release|Any CPU = Release|Any CPU
	EndGlobalSection
	GlobalSection(ProjectConfigurationPlatforms) = postSolution
		{BAA9DA13-7A5C-4D9F-8CA6-D49F1C05F54A}.Debug|Any CPU.ActiveCfg = Debug|Any CPU
		{BAA9DA13-7A5C-4D9F-8CA6-D49F1C05F54A}.Debug|Any CPU.Build.0 = Debug|Any CPU
		{BAA9DA13-7A5C-4D9F-8CA6-D49F1C05F54A}.Release|Any CPU.ActiveCfg = Release|Any CPU
		{BAA9DA13-7A5C-4D9F-8CA6-D49F1C05F54A}.Release|Any CPU.Build.0 = Release|Any CPU
	EndGlobalSection
	GlobalSection(SolutionProperties) = preSolution
		HideSolutionNode = FALSE
	EndGlobalSection
	GlobalSection(ExtensibilityGlobals) = postSolution
		SolutionGuid = {F5B77DE0-C848-4F59-ABD1-B9DD37622260}
	EndGlobalSection
EndGlobal
